PODS:
  - Alamofire (4.7.3)
  - Amplitude-iOS (4.0.4)
  - Bolts (1.9.0):
    - Bolts/AppLinks (= 1.9.0)
    - Bolts/Tasks (= 1.9.0)
  - Bolts/AppLinks (1.9.0):
    - Bolts/Tasks
  - Bolts/Tasks (1.9.0)
  - Branch (0.25.3):
    - Branch/Core (= 0.25.3)
  - Branch/Core (0.25.3)
  - Charts (3.1.1):
    - Charts/Core (= 3.1.1)
  - Charts/Core (3.1.1)
  - FBSDKCoreKit (4.36.0):
    - Bolts (~> 1.7)
  - FBSDKLoginKit (4.36.0):
    - FBSDKCoreKit
  - FBSDKShareKit (4.36.0):
    - FBSDKCoreKit (~> 4.36.0)
  - FSCalendar (2.7.9)
  - IGListKit (3.4.0):
    - IGListKit/Default (= 3.4.0)
  - IGListKit/Default (3.4.0):
    - IGListKit/Diffing
  - IGListKit/Diffing (3.4.0)
  - MarqueeLabel/Swift (3.1.6)
  - NotificationBannerSwift (1.6.3):
    - MarqueeLabel/Swift
    - SnapKit (~> 4.0)
  - PINCache (3.0.1-beta.6):
    - PINCache/Arc-exception-safe (= 3.0.1-beta.6)
    - PINCache/Core (= 3.0.1-beta.6)
  - PINCache/Arc-exception-safe (3.0.1-beta.6):
    - PINCache/Core
  - PINCache/Core (3.0.1-beta.6):
    - PINOperation (~> 1.1.0)
  - PINOperation (1.1.1)
  - PINRemoteImage/Core (3.0.0-beta.13):
    - PINOperation
  - PINRemoteImage/iOS (3.0.0-beta.13):
    - PINRemoteImage/Core
  - PINRemoteImage/PINCache (3.0.0-beta.13):
    - PINCache (= 3.0.1-beta.6)
    - PINRemoteImage/Core
  - Realm (3.8.0):
    - Realm/Headers (= 3.8.0)
  - Realm/Headers (3.8.0)
  - RealmSwift (3.8.0):
    - Realm (= 3.8.0)
  - RxSwift (4.2.0)
  - SimulatorStatusMagic (2.2)
  - SnapKit (4.0.0)
  - SwiftKeychainWrapper (3.0.1)
  - SwiftyJSON (4.1.0)
  - Texture (2.7):
    - Texture/PINRemoteImage (= 2.7)
  - Texture/Core (2.7)
  - Texture/IGListKit (2.7):
    - IGListKit (~> 3.0)
    - Texture/Core
  - Texture/PINRemoteImage (2.7):
    - PINRemoteImage/iOS (= 3.0.0-beta.13)
    - PINRemoteImage/PINCache
    - Texture/Core
  - YandexMobileMetrica (3.3.0):
    - YandexMobileMetrica/Static (= 3.3.0)
  - YandexMobileMetrica/Static (3.3.0)
  - YandexMobileMetricaPush (0.7.0):
    - YandexMobileMetricaPush/Static (= 0.7.0)
  - YandexMobileMetricaPush/Static (0.7.0):
    - YandexMobileMetrica (~> 3.0)

DEPENDENCIES:
  - Alamofire (~> 4.5)
  - Amplitude-iOS (~> 4.0.4)
  - Branch
  - Charts
  - FBSDKCoreKit
  - FBSDKLoginKit
  - FBSDKShareKit
  - FSCalendar
  - NotificationBannerSwift
  - RealmSwift
  - RxSwift (~> 4.0)
  - SimulatorStatusMagic
  - SnapKit
  - SwiftKeychainWrapper
  - SwiftyJSON
  - Texture
  - Texture/IGListKit
  - YandexMobileMetrica
  - YandexMobileMetricaPush

SPEC REPOS:
  https://github.com/CocoaPods/Specs.git:
    - Alamofire
    - Amplitude-iOS
    - Bolts
    - Branch
    - Charts
    - FBSDKCoreKit
    - FBSDKLoginKit
    - FBSDKShareKit
    - FSCalendar
    - IGListKit
    - MarqueeLabel
    - NotificationBannerSwift
    - PINCache
    - PINOperation
    - PINRemoteImage
    - Realm
    - RealmSwift
    - RxSwift
    - SimulatorStatusMagic
    - SnapKit
    - SwiftKeychainWrapper
    - SwiftyJSON
    - Texture
    - YandexMobileMetrica
    - YandexMobileMetricaPush

SPEC CHECKSUMS:
  Alamofire: c7287b6e5d7da964a70935e5db17046b7fde6568
  Amplitude-iOS: 2ad4d7270c99186236c1272a3a9425463b1ae1a7
  Bolts: ac6567323eac61e203f6a9763667d0f711be34c8
  Branch: 9917f91a5381bc88ed8e4f080a18213267cf44e6
  Charts: 90a4d61da0f6e06684c591e3bcab11940fe61736
  FBSDKCoreKit: 3b8e6570eedb443f9fc4af196a7bf39f18e3a3d8
  FBSDKLoginKit: 8bccb6064708ab2f4251a7fc4e3b6d8d00ad91ba
  FBSDKShareKit: 7090fdd55c39b03941efddb64c83a64ff6b3949f
  FSCalendar: a04b09f16f811bc92e82f3cf852a15225233b9d5
  IGListKit: 7a5d788e9fb746bcd402baa8e8b24bc3bd2a5a07
  MarqueeLabel: 0c41f08ef5773e29c0f71064a8fa788a2fd8b365
  NotificationBannerSwift: b231e4c3244848ef300e1c53ce027b9756b9b06f
  PINCache: d195fdba255283f7e9900a55e3cced377f431f9b
  PINOperation: a6219e6fc9db9c269eb7a7b871ac193bcf400aac
  PINRemoteImage: d6d51c5d2adda55f1ce30c96e850b6c4ebd2856a
  Realm: 3fdae59de78838064e9f77638d7cdb7b8cff9dc8
  RealmSwift: c990518b800e106d1f77099d3a4648c3b100337d
  RxSwift: 99e10317ddfcc7fbe01356aafd118fde4a0be104
  SimulatorStatusMagic: 0389a805fa8bd001e2977c4046730bdbd6642861
  SnapKit: a42d492c16e80209130a3379f73596c3454b7694
  SwiftKeychainWrapper: 38952a3636320ae61bad3513cadd870929de7a4a
  SwiftyJSON: c29297daf073d2aa016295d5809cdd68045c39b3
  Texture: 9d7e38965cf22ccd7cd9c249dd78b3f14e70ab6c
  YandexMobileMetrica: 415e4e8a7a23121a3d086958a655f444dd340edb
  YandexMobileMetricaPush: 43d7c6bbaeee637418a8d3c287af93df1fb512d5

PODFILE CHECKSUM: 1f891219312ea35893e366e61a5208354c551416

COCOAPODS: 1.5.0
